
Microsoft Visual Studio Solution File, Format Version 12.00
# Visual Studio Version 16
VisualStudioVersion = 16.0.29728.190
MinimumVisualStudioVersion = 10.0.40219.1
Project("{FAE04EC0-301F-11D3-BF4B-00C04F79EFBC}") = "Exercise Alfasoft", "Exercise Alfasoft\Exercise Alfasoft.csproj", "{71AA0FCD-A037-4A42-97C8-1BAB247DFC22}"
EndProject
Global
	GlobalSection(SolutionConfigurationPlatforms) = preSolution
		Debug|Any CPU = Debug|Any CPU
		Release|Any CPU = Release|Any CPU
	EndGlobalSection
	GlobalSection(ProjectConfigurationPlatforms) = postSolution
		{71AA0FCD-A037-4A42-97C8-1BAB247DFC22}.Debug|Any CPU.ActiveCfg = Debug|Any CPU
		{71AA0FCD-A037-4A42-97C8-1BAB247DFC22}.Debug|Any CPU.Build.0 = Debug|Any CPU
		{71AA0FCD-A037-4A42-97C8-1BAB247DFC22}.Release|Any CPU.ActiveCfg = Release|Any CPU
		{71AA0FCD-A037-4A42-97C8-1BAB247DFC22}.Release|Any CPU.Build.0 = Release|Any CPU
	EndGlobalSection
	GlobalSection(SolutionProperties) = preSolution
		HideSolutionNode = FALSE
	EndGlobalSection
	GlobalSection(ExtensibilityGlobals) = postSolution
		SolutionGuid = {60CFC235-2996-48A0-BFBB-FCAC38B58B93}
	EndGlobalSection
EndGlobal
